// !$*UTF8*$!
{
	archiveVersion = 1;
	classes = {
	};
	objectVersion = 52;
	objects = {

/* Begin PBXBuildFile section */
		111DC86920ACAB690037F7B1 /* RoundedButton.swift in Sources */ = {isa = PBXBuildFile; fileRef = 111DC86820ACAB690037F7B1 /* RoundedButton.swift */; };
		112FE5671F4F95A200BF85EA /* Assets.xcassets in Resources */ = {isa = PBXBuildFile; fileRef = 112FE5661F4F95A200BF85EA /* Assets.xcassets */; };
		11E9720A209A355F006E3D26 /* Utilities.swift in Sources */ = {isa = PBXBuildFile; fileRef = 11E97209209A355F006E3D26 /* Utilities.swift */; };
		5C7AB42A20DC114B00693DDD /* README.md in Resources */ = {isa = PBXBuildFile; fileRef = 5C7AB42920DC114B00693DDD /* README.md */; };
		5CB92B4F20D852B0004D38D8 /* SnapshotAnchor.swift in Sources */ = {isa = PBXBuildFile; fileRef = 5CB92B4E20D852B0004D38D8 /* SnapshotAnchor.swift */; };
		842316E01F2030C300D189D1 /* AppDelegate.swift in Sources */ = {isa = PBXBuildFile; fileRef = 842316DF1F2030C300D189D1 /* AppDelegate.swift */; };
		842316E41F2030C300D189D1 /* ViewController.swift in Sources */ = {isa = PBXBuildFile; fileRef = 842316E31F2030C300D189D1 /* ViewController.swift */; };
		842316E71F2030C300D189D1 /* Main.storyboard in Resources */ = {isa = PBXBuildFile; fileRef = 842316E51F2030C300D189D1 /* Main.storyboard */; };
		842316EC1F2030C300D189D1 /* LaunchScreen.storyboard in Resources */ = {isa = PBXBuildFile; fileRef = 842316EA1F2030C300D189D1 /* LaunchScreen.storyboard */; };
		84ABEA0A1F3D15E70052D547 /* Assets.scnassets in Resources */ = {isa = PBXBuildFile; fileRef = 84ABEA091F3D15E70052D547 /* Assets.scnassets */; };
		8C39D9322533CDBF001FEF08 /* MultiProgressView in Frameworks */ = {isa = PBXBuildFile; productRef = 8C39D9312533CDBF001FEF08 /* MultiProgressView */; };
		8C39DA042533D2C4001FEF08 /* Default.storyboard in Resources */ = {isa = PBXBuildFile; fileRef = 8C39D9E02533D2C4001FEF08 /* Default.storyboard */; };
		8C39DA052533D2C4001FEF08 /* PassThroughView.swift in Sources */ = {isa = PBXBuildFile; fileRef = 8C39D9E12533D2C4001FEF08 /* PassThroughView.swift */; };
		8C39DA092533D2C4001FEF08 /* MovementState.swift in Sources */ = {isa = PBXBuildFile; fileRef = 8C39D9E72533D2C4001FEF08 /* MovementState.swift */; };
		8C39DA0A2533D2C4001FEF08 /* MovementGame.swift in Sources */ = {isa = PBXBuildFile; fileRef = 8C39D9E82533D2C4001FEF08 /* MovementGame.swift */; };
		8C39DA0B2533D2C4001FEF08 /* up.png in Resources */ = {isa = PBXBuildFile; fileRef = 8C39D9E92533D2C4001FEF08 /* up.png */; };
		8C39DA0D2533D2C4001FEF08 /* TraceViewController.swift in Sources */ = {isa = PBXBuildFile; fileRef = 8C39D9EB2533D2C4001FEF08 /* TraceViewController.swift */; };
		8C39DA0F2533D2C4001FEF08 /* MovementViewController.swift in Sources */ = {isa = PBXBuildFile; fileRef = 8C39D9ED2533D2C4001FEF08 /* MovementViewController.swift */; };
		8C39DA102533D2C4001FEF08 /* UIViewExtension.swift in Sources */ = {isa = PBXBuildFile; fileRef = 8C39D9EE2533D2C4001FEF08 /* UIViewExtension.swift */; };
		8C39DA112533D2C4001FEF08 /* MovementState.swift in Sources */ = {isa = PBXBuildFile; fileRef = 8C39D9F02533D2C4001FEF08 /* MovementState.swift */; };
		8C39DA122533D2C4001FEF08 /* MovementGame.swift in Sources */ = {isa = PBXBuildFile; fileRef = 8C39D9F12533D2C4001FEF08 /* MovementGame.swift */; };
		8C39DA142533D2C4001FEF08 /* down.png in Resources */ = {isa = PBXBuildFile; fileRef = 8C39D9F32533D2C4001FEF08 /* down.png */; };
		8C39DA152533D2C4001FEF08 /* MovementGame.storyboard in Resources */ = {isa = PBXBuildFile; fileRef = 8C39D9F42533D2C4001FEF08 /* MovementGame.storyboard */; };
		8C39DA162533D2C4001FEF08 /* MovementViewController.swift in Sources */ = {isa = PBXBuildFile; fileRef = 8C39D9F52533D2C4001FEF08 /* MovementViewController.swift */; };
		8C39DA172533D2C4001FEF08 /* README.md in Resources */ = {isa = PBXBuildFile; fileRef = 8C39D9F62533D2C4001FEF08 /* README.md */; };
		8C39DA182533D2C4001FEF08 /* Wolf.usdz in Resources */ = {isa = PBXBuildFile; fileRef = 8C39D9F82533D2C4001FEF08 /* Wolf.usdz */; };
		8C39DA192533D2C4001FEF08 /* Puffer.usdz in Resources */ = {isa = PBXBuildFile; fileRef = 8C39D9F92533D2C4001FEF08 /* Puffer.usdz */; };
		8C39DA1A2533D2C4001FEF08 /* Fox.usdz in Resources */ = {isa = PBXBuildFile; fileRef = 8C39D9FA2533D2C4001FEF08 /* Fox.usdz */; };
		8C39DA1B2533D2C4001FEF08 /* TraceProgressSection.swift in Sources */ = {isa = PBXBuildFile; fileRef = 8C39D9FB2533D2C4001FEF08 /* TraceProgressSection.swift */; };
		8C39DA1C2533D2C4001FEF08 /* TraceTargetType.swift in Sources */ = {isa = PBXBuildFile; fileRef = 8C39D9FC2533D2C4001FEF08 /* TraceTargetType.swift */; };
		8C39DA1D2533D2C4001FEF08 /* Deer.usdz in Resources */ = {isa = PBXBuildFile; fileRef = 8C39D9FD2533D2C4001FEF08 /* Deer.usdz */; };
		8C39DA1E2533D2C4001FEF08 /* TraceGame.storyboard in Resources */ = {isa = PBXBuildFile; fileRef = 8C39D9FE2533D2C4001FEF08 /* TraceGame.storyboard */; };
		8C39DA1F2533D2C4001FEF08 /* TraceViewController.swift in Sources */ = {isa = PBXBuildFile; fileRef = 8C39D9FF2533D2C4001FEF08 /* TraceViewController.swift */; };
		8C39DA202533D2C4001FEF08 /* RedPanda.usdz in Resources */ = {isa = PBXBuildFile; fileRef = 8C39DA002533D2C4001FEF08 /* RedPanda.usdz */; };
		8C39DA212533D2C4001FEF08 /* TraceGame.swift in Sources */ = {isa = PBXBuildFile; fileRef = 8C39DA012533D2C4001FEF08 /* TraceGame.swift */; };
		8C39DA222533D2C4001FEF08 /* Bear.usdz in Resources */ = {isa = PBXBuildFile; fileRef = 8C39DA022533D2C4001FEF08 /* Bear.usdz */; };
		8C39DA232533D2C4001FEF08 /* TraceStackView.swift in Sources */ = {isa = PBXBuildFile; fileRef = 8C39DA032533D2C4001FEF08 /* TraceStackView.swift */; };
/* End PBXBuildFile section */

/* Begin PBXFileReference section */
		111DC86820ACAB690037F7B1 /* RoundedButton.swift */ = {isa = PBXFileReference; fileEncoding = 4; lastKnownFileType = sourcecode.swift; path = RoundedButton.swift; sourceTree = "<group>"; };
		112FE5661F4F95A200BF85EA /* Assets.xcassets */ = {isa = PBXFileReference; lastKnownFileType = folder.assetcatalog; path = Assets.xcassets; sourceTree = "<group>"; };
		11E97209209A355F006E3D26 /* Utilities.swift */ = {isa = PBXFileReference; fileEncoding = 4; lastKnownFileType = sourcecode.swift; path = Utilities.swift; sourceTree = "<group>"; };
		35F0FDB76E9A606A84E59401 /* SampleCode.xcconfig */ = {isa = PBXFileReference; lastKnownFileType = text.xcconfig; name = SampleCode.xcconfig; path = Configuration/SampleCode.xcconfig; sourceTree = "<group>"; };
		5C7AB42920DC114B00693DDD /* README.md */ = {isa = PBXFileReference; fileEncoding = 4; lastKnownFileType = net.daringfireball.markdown; path = README.md; sourceTree = "<group>"; };
		5CB92B4E20D852B0004D38D8 /* SnapshotAnchor.swift */ = {isa = PBXFileReference; lastKnownFileType = sourcecode.swift; path = SnapshotAnchor.swift; sourceTree = "<group>"; };
		842316DC1F2030C300D189D1 /* ARPersistence.app */ = {isa = PBXFileReference; explicitFileType = wrapper.application; includeInIndex = 0; path = ARPersistence.app; sourceTree = BUILT_PRODUCTS_DIR; };
		842316DF1F2030C300D189D1 /* AppDelegate.swift */ = {isa = PBXFileReference; lastKnownFileType = sourcecode.swift; path = AppDelegate.swift; sourceTree = "<group>"; };
		842316E31F2030C300D189D1 /* ViewController.swift */ = {isa = PBXFileReference; lastKnownFileType = sourcecode.swift; path = ViewController.swift; sourceTree = "<group>"; };
		842316E61F2030C300D189D1 /* Base */ = {isa = PBXFileReference; lastKnownFileType = file.storyboard; name = Base; path = Base.lproj/Main.storyboard; sourceTree = "<group>"; };
		842316EB1F2030C300D189D1 /* Base */ = {isa = PBXFileReference; lastKnownFileType = file.storyboard; name = Base; path = Base.lproj/LaunchScreen.storyboard; sourceTree = "<group>"; };
		842316ED1F2030C300D189D1 /* Info.plist */ = {isa = PBXFileReference; lastKnownFileType = text.plist.xml; path = Info.plist; sourceTree = "<group>"; };
		84ABEA091F3D15E70052D547 /* Assets.scnassets */ = {isa = PBXFileReference; lastKnownFileType = wrapper.scnassets; path = Assets.scnassets; sourceTree = "<group>"; };
		8C39D9E02533D2C4001FEF08 /* Default.storyboard */ = {isa = PBXFileReference; fileEncoding = 4; lastKnownFileType = file.storyboard; path = Default.storyboard; sourceTree = "<group>"; };
		8C39D9E12533D2C4001FEF08 /* PassThroughView.swift */ = {isa = PBXFileReference; fileEncoding = 4; lastKnownFileType = sourcecode.swift; path = PassThroughView.swift; sourceTree = "<group>"; };
		8C39D9E72533D2C4001FEF08 /* MovementState.swift */ = {isa = PBXFileReference; fileEncoding = 4; lastKnownFileType = sourcecode.swift; path = MovementState.swift; sourceTree = "<group>"; };
		8C39D9E82533D2C4001FEF08 /* MovementGame.swift */ = {isa = PBXFileReference; fileEncoding = 4; lastKnownFileType = sourcecode.swift; path = MovementGame.swift; sourceTree = "<group>"; };
		8C39D9E92533D2C4001FEF08 /* up.png */ = {isa = PBXFileReference; lastKnownFileType = image.png; path = up.png; sourceTree = "<group>"; };
		8C39D9EA2533D2C4001FEF08 /* down.png */ = {isa = PBXFileReference; lastKnownFileType = image.png; path = down.png; sourceTree = "<group>"; };
		8C39D9EB2533D2C4001FEF08 /* TraceViewController.swift */ = {isa = PBXFileReference; fileEncoding = 4; lastKnownFileType = sourcecode.swift; path = TraceViewController.swift; sourceTree = "<group>"; };
		8C39D9EC2533D2C4001FEF08 /* MovementGame.storyboard */ = {isa = PBXFileReference; fileEncoding = 4; lastKnownFileType = file.storyboard; path = MovementGame.storyboard; sourceTree = "<group>"; };
		8C39D9ED2533D2C4001FEF08 /* MovementViewController.swift */ = {isa = PBXFileReference; fileEncoding = 4; lastKnownFileType = sourcecode.swift; path = MovementViewController.swift; sourceTree = "<group>"; };
		8C39D9EE2533D2C4001FEF08 /* UIViewExtension.swift */ = {isa = PBXFileReference; fileEncoding = 4; lastKnownFileType = sourcecode.swift; path = UIViewExtension.swift; sourceTree = "<group>"; };
		8C39D9F02533D2C4001FEF08 /* MovementState.swift */ = {isa = PBXFileReference; fileEncoding = 4; lastKnownFileType = sourcecode.swift; path = MovementState.swift; sourceTree = "<group>"; };
		8C39D9F12533D2C4001FEF08 /* MovementGame.swift */ = {isa = PBXFileReference; fileEncoding = 4; lastKnownFileType = sourcecode.swift; path = MovementGame.swift; sourceTree = "<group>"; };
		8C39D9F22533D2C4001FEF08 /* up.png */ = {isa = PBXFileReference; lastKnownFileType = image.png; path = up.png; sourceTree = "<group>"; };
		8C39D9F32533D2C4001FEF08 /* down.png */ = {isa = PBXFileReference; lastKnownFileType = image.png; path = down.png; sourceTree = "<group>"; };
		8C39D9F42533D2C4001FEF08 /* MovementGame.storyboard */ = {isa = PBXFileReference; fileEncoding = 4; lastKnownFileType = file.storyboard; path = MovementGame.storyboard; sourceTree = "<group>"; };
		8C39D9F52533D2C4001FEF08 /* MovementViewController.swift */ = {isa = PBXFileReference; fileEncoding = 4; lastKnownFileType = sourcecode.swift; path = MovementViewController.swift; sourceTree = "<group>"; };
		8C39D9F62533D2C4001FEF08 /* README.md */ = {isa = PBXFileReference; fileEncoding = 4; lastKnownFileType = net.daringfireball.markdown; path = README.md; sourceTree = "<group>"; };
		8C39D9F82533D2C4001FEF08 /* Wolf.usdz */ = {isa = PBXFileReference; lastKnownFileType = file.usdz; path = Wolf.usdz; sourceTree = "<group>"; };
		8C39D9F92533D2C4001FEF08 /* Puffer.usdz */ = {isa = PBXFileReference; lastKnownFileType = file.usdz; path = Puffer.usdz; sourceTree = "<group>"; };
		8C39D9FA2533D2C4001FEF08 /* Fox.usdz */ = {isa = PBXFileReference; lastKnownFileType = file.usdz; path = Fox.usdz; sourceTree = "<group>"; };
		8C39D9FB2533D2C4001FEF08 /* TraceProgressSection.swift */ = {isa = PBXFileReference; fileEncoding = 4; lastKnownFileType = sourcecode.swift; path = TraceProgressSection.swift; sourceTree = "<group>"; };
		8C39D9FC2533D2C4001FEF08 /* TraceTargetType.swift */ = {isa = PBXFileReference; fileEncoding = 4; lastKnownFileType = sourcecode.swift; path = TraceTargetType.swift; sourceTree = "<group>"; };
		8C39D9FD2533D2C4001FEF08 /* Deer.usdz */ = {isa = PBXFileReference; lastKnownFileType = file.usdz; path = Deer.usdz; sourceTree = "<group>"; };
		8C39D9FE2533D2C4001FEF08 /* TraceGame.storyboard */ = {isa = PBXFileReference; fileEncoding = 4; lastKnownFileType = file.storyboard; path = TraceGame.storyboard; sourceTree = "<group>"; };
		8C39D9FF2533D2C4001FEF08 /* TraceViewController.swift */ = {isa = PBXFileReference; fileEncoding = 4; lastKnownFileType = sourcecode.swift; path = TraceViewController.swift; sourceTree = "<group>"; };
		8C39DA002533D2C4001FEF08 /* RedPanda.usdz */ = {isa = PBXFileReference; lastKnownFileType = file.usdz; path = RedPanda.usdz; sourceTree = "<group>"; };
		8C39DA012533D2C4001FEF08 /* TraceGame.swift */ = {isa = PBXFileReference; fileEncoding = 4; lastKnownFileType = sourcecode.swift; path = TraceGame.swift; sourceTree = "<group>"; };
		8C39DA022533D2C4001FEF08 /* Bear.usdz */ = {isa = PBXFileReference; lastKnownFileType = file.usdz; path = Bear.usdz; sourceTree = "<group>"; };
		8C39DA032533D2C4001FEF08 /* TraceStackView.swift */ = {isa = PBXFileReference; fileEncoding = 4; lastKnownFileType = sourcecode.swift; path = TraceStackView.swift; sourceTree = "<group>"; };
		E292F9BA5F620955E859EA24 /* LICENSE.txt */ = {isa = PBXFileReference; includeInIndex = 1; lastKnownFileType = text; path = LICENSE.txt; sourceTree = "<group>"; };
/* End PBXFileReference section */

/* Begin PBXFrameworksBuildPhase section */
		842316D91F2030C300D189D1 /* Frameworks */ = {
			isa = PBXFrameworksBuildPhase;
			buildActionMask = 2147483647;
			files = (
				8C39D9322533CDBF001FEF08 /* MultiProgressView in Frameworks */,
			);
			runOnlyForDeploymentPostprocessing = 0;
		};
/* End PBXFrameworksBuildPhase section */

/* Begin PBXGroup section */
		0F66CEC87ABA0F5130EE75F2 /* Configuration */ = {
			isa = PBXGroup;
			children = (
				35F0FDB76E9A606A84E59401 /* SampleCode.xcconfig */,
			);
			name = Configuration;
			sourceTree = "<group>";
		};
		842316D31F2030C300D189D1 = {
			isa = PBXGroup;
			children = (
				5C7AB42920DC114B00693DDD /* README.md */,
				842316DE1F2030C300D189D1 /* ARPersistence */,
				842316DD1F2030C300D189D1 /* Products */,
				0F66CEC87ABA0F5130EE75F2 /* Configuration */,
				9265C1324689158CAFBECF44 /* LICENSE */,
			);
			sourceTree = "<group>";
		};
		842316DD1F2030C300D189D1 /* Products */ = {
			isa = PBXGroup;
			children = (
				842316DC1F2030C300D189D1 /* ARPersistence.app */,
			);
			name = Products;
			sourceTree = "<group>";
		};
		842316DE1F2030C300D189D1 /* ARPersistence */ = {
			isa = PBXGroup;
			children = (
				8C39D9DF2533D2C4001FEF08 /* Minigames */,
				842316E31F2030C300D189D1 /* ViewController.swift */,
				5CB92B4E20D852B0004D38D8 /* SnapshotAnchor.swift */,
				11E97209209A355F006E3D26 /* Utilities.swift */,
				842316DF1F2030C300D189D1 /* AppDelegate.swift */,
				111DC86820ACAB690037F7B1 /* RoundedButton.swift */,
				842316E51F2030C300D189D1 /* Main.storyboard */,
				842316EA1F2030C300D189D1 /* LaunchScreen.storyboard */,
				842316ED1F2030C300D189D1 /* Info.plist */,
				84ABEA091F3D15E70052D547 /* Assets.scnassets */,
				112FE5661F4F95A200BF85EA /* Assets.xcassets */,
			);
			path = ARPersistence;
			sourceTree = "<group>";
		};
		8C39D9DF2533D2C4001FEF08 /* Minigames */ = {
			isa = PBXGroup;
			children = (
				8C39D9E02533D2C4001FEF08 /* Default.storyboard */,
				8C39D9E12533D2C4001FEF08 /* PassThroughView.swift */,
				8C39D9E62533D2C4001FEF08 /* TrialGame */,
				8C39D9EE2533D2C4001FEF08 /* UIViewExtension.swift */,
				8C39D9EF2533D2C4001FEF08 /* MovementGame */,
				8C39D9F62533D2C4001FEF08 /* README.md */,
				8C39D9F72533D2C4001FEF08 /* TraceGame */,
			);
			name = Minigames;
			path = ../../Desktop/ARrehab/ARrehab/ARrehab/Minigames;
			sourceTree = "<group>";
		};
		8C39D9E62533D2C4001FEF08 /* TrialGame */ = {
			isa = PBXGroup;
			children = (
				8C39D9E72533D2C4001FEF08 /* MovementState.swift */,
				8C39D9E82533D2C4001FEF08 /* MovementGame.swift */,
				8C39D9E92533D2C4001FEF08 /* up.png */,
				8C39D9EA2533D2C4001FEF08 /* down.png */,
				8C39D9EB2533D2C4001FEF08 /* TraceViewController.swift */,
				8C39D9EC2533D2C4001FEF08 /* MovementGame.storyboard */,
				8C39D9ED2533D2C4001FEF08 /* MovementViewController.swift */,
			);
			path = TrialGame;
			sourceTree = "<group>";
		};
		8C39D9EF2533D2C4001FEF08 /* MovementGame */ = {
			isa = PBXGroup;
			children = (
				8C39D9F02533D2C4001FEF08 /* MovementState.swift */,
				8C39D9F12533D2C4001FEF08 /* MovementGame.swift */,
				8C39D9F22533D2C4001FEF08 /* up.png */,
				8C39D9F32533D2C4001FEF08 /* down.png */,
				8C39D9F42533D2C4001FEF08 /* MovementGame.storyboard */,
				8C39D9F52533D2C4001FEF08 /* MovementViewController.swift */,
			);
			path = MovementGame;
			sourceTree = "<group>";
		};
		8C39D9F72533D2C4001FEF08 /* TraceGame */ = {
			isa = PBXGroup;
			children = (
				8C39D9F82533D2C4001FEF08 /* Wolf.usdz */,
				8C39D9F92533D2C4001FEF08 /* Puffer.usdz */,
				8C39D9FA2533D2C4001FEF08 /* Fox.usdz */,
				8C39D9FB2533D2C4001FEF08 /* TraceProgressSection.swift */,
				8C39D9FC2533D2C4001FEF08 /* TraceTargetType.swift */,
				8C39D9FD2533D2C4001FEF08 /* Deer.usdz */,
				8C39D9FE2533D2C4001FEF08 /* TraceGame.storyboard */,
				8C39D9FF2533D2C4001FEF08 /* TraceViewController.swift */,
				8C39DA002533D2C4001FEF08 /* RedPanda.usdz */,
				8C39DA012533D2C4001FEF08 /* TraceGame.swift */,
				8C39DA022533D2C4001FEF08 /* Bear.usdz */,
				8C39DA032533D2C4001FEF08 /* TraceStackView.swift */,
			);
			path = TraceGame;
			sourceTree = "<group>";
		};
		9265C1324689158CAFBECF44 /* LICENSE */ = {
			isa = PBXGroup;
			children = (
				E292F9BA5F620955E859EA24 /* LICENSE.txt */,
			);
			path = LICENSE;
			sourceTree = "<group>";
		};
/* End PBXGroup section */

/* Begin PBXNativeTarget section */
		842316DB1F2030C300D189D1 /* ARPersistence */ = {
			isa = PBXNativeTarget;
			buildConfigurationList = 842316F01F2030C300D189D1 /* Build configuration list for PBXNativeTarget "ARPersistence" */;
			buildPhases = (
				842316D81F2030C300D189D1 /* Sources */,
				842316D91F2030C300D189D1 /* Frameworks */,
				842316DA1F2030C300D189D1 /* Resources */,
			);
			buildRules = (
			);
			dependencies = (
			);
			name = ARPersistence;
			packageProductDependencies = (
				8C39D9312533CDBF001FEF08 /* MultiProgressView */,
			);
			productName = ARMultiuser;
			productReference = 842316DC1F2030C300D189D1 /* ARPersistence.app */;
			productType = "com.apple.product-type.application";
		};
/* End PBXNativeTarget section */

/* Begin PBXProject section */
		842316D41F2030C300D189D1 /* Project object */ = {
			isa = PBXProject;
			attributes = {
				LastSwiftUpdateCheck = 0900;
				LastUpgradeCheck = 0930;
				ORGANIZATIONNAME = Apple;
				TargetAttributes = {
					842316DB1F2030C300D189D1 = {
						CreatedOnToolsVersion = 9.0;
						LastSwiftMigration = 1140;
						ProvisioningStyle = Automatic;
					};
				};
			};
			buildConfigurationList = 842316D71F2030C300D189D1 /* Build configuration list for PBXProject "ARPersistence" */;
			compatibilityVersion = "Xcode 8.0";
			developmentRegion = en;
			hasScannedForEncodings = 0;
			knownRegions = (
				en,
				Base,
			);
			mainGroup = 842316D31F2030C300D189D1;
			packageReferences = (
				8C39D9302533CDBF001FEF08 /* XCRemoteSwiftPackageReference "MultiProgressView" */,
			);
			productRefGroup = 842316DD1F2030C300D189D1 /* Products */;
			projectDirPath = "";
			projectRoot = "";
			targets = (
				842316DB1F2030C300D189D1 /* ARPersistence */,
			);
		};
/* End PBXProject section */

/* Begin PBXResourcesBuildPhase section */
		842316DA1F2030C300D189D1 /* Resources */ = {
			isa = PBXResourcesBuildPhase;
			buildActionMask = 2147483647;
			files = (
				8C39DA0B2533D2C4001FEF08 /* up.png in Resources */,
				8C39DA1E2533D2C4001FEF08 /* TraceGame.storyboard in Resources */,
				84ABEA0A1F3D15E70052D547 /* Assets.scnassets in Resources */,
				842316EC1F2030C300D189D1 /* LaunchScreen.storyboard in Resources */,
				8C39DA172533D2C4001FEF08 /* README.md in Resources */,
				8C39DA1D2533D2C4001FEF08 /* Deer.usdz in Resources */,
				8C39DA142533D2C4001FEF08 /* down.png in Resources */,
				5C7AB42A20DC114B00693DDD /* README.md in Resources */,
				8C39DA222533D2C4001FEF08 /* Bear.usdz in Resources */,
				8C39DA1A2533D2C4001FEF08 /* Fox.usdz in Resources */,
				8C39DA192533D2C4001FEF08 /* Puffer.usdz in Resources */,
				112FE5671F4F95A200BF85EA /* Assets.xcassets in Resources */,
				8C39DA042533D2C4001FEF08 /* Default.storyboard in Resources */,
				842316E71F2030C300D189D1 /* Main.storyboard in Resources */,
				8C39DA202533D2C4001FEF08 /* RedPanda.usdz in Resources */,
				8C39DA152533D2C4001FEF08 /* MovementGame.storyboard in Resources */,
				8C39DA182533D2C4001FEF08 /* Wolf.usdz in Resources */,
			);
			runOnlyForDeploymentPostprocessing = 0;
		};
/* End PBXResourcesBuildPhase section */

/* Begin PBXSourcesBuildPhase section */
		842316D81F2030C300D189D1 /* Sources */ = {
			isa = PBXSourcesBuildPhase;
			buildActionMask = 2147483647;
			files = (
				11E9720A209A355F006E3D26 /* Utilities.swift in Sources */,
				8C39DA162533D2C4001FEF08 /* MovementViewController.swift in Sources */,
				5CB92B4F20D852B0004D38D8 /* SnapshotAnchor.swift in Sources */,
				8C39DA232533D2C4001FEF08 /* TraceStackView.swift in Sources */,
				8C39DA1C2533D2C4001FEF08 /* TraceTargetType.swift in Sources */,
				8C39DA122533D2C4001FEF08 /* MovementGame.swift in Sources */,
				111DC86920ACAB690037F7B1 /* RoundedButton.swift in Sources */,
				8C39DA112533D2C4001FEF08 /* MovementState.swift in Sources */,
				8C39DA212533D2C4001FEF08 /* TraceGame.swift in Sources */,
				8C39DA0F2533D2C4001FEF08 /* MovementViewController.swift in Sources */,
				8C39DA102533D2C4001FEF08 /* UIViewExtension.swift in Sources */,
				8C39DA1B2533D2C4001FEF08 /* TraceProgressSection.swift in Sources */,
				8C39DA052533D2C4001FEF08 /* PassThroughView.swift in Sources */,
				8C39DA0A2533D2C4001FEF08 /* MovementGame.swift in Sources */,
				842316E41F2030C300D189D1 /* ViewController.swift in Sources */,
				8C39DA092533D2C4001FEF08 /* MovementState.swift in Sources */,
				8C39DA0D2533D2C4001FEF08 /* TraceViewController.swift in Sources */,
				8C39DA1F2533D2C4001FEF08 /* TraceViewController.swift in Sources */,
				842316E01F2030C300D189D1 /* AppDelegate.swift in Sources */,
			);
			runOnlyForDeploymentPostprocessing = 0;
		};
/* End PBXSourcesBuildPhase section */

/* Begin PBXVariantGroup section */
		842316E51F2030C300D189D1 /* Main.storyboard */ = {
			isa = PBXVariantGroup;
			children = (
				842316E61F2030C300D189D1 /* Base */,
			);
			name = Main.storyboard;
			sourceTree = "<group>";
		};
		842316EA1F2030C300D189D1 /* LaunchScreen.storyboard */ = {
			isa = PBXVariantGroup;
			children = (
				842316EB1F2030C300D189D1 /* Base */,
			);
			name = LaunchScreen.storyboard;
			sourceTree = "<group>";
		};
/* End PBXVariantGroup section */

/* Begin XCBuildConfiguration section */
		842316EE1F2030C300D189D1 /* Debug */ = {
			isa = XCBuildConfiguration;
			baseConfigurationReference = 35F0FDB76E9A606A84E59401 /* SampleCode.xcconfig */;
			buildSettings = {
				ALWAYS_SEARCH_USER_PATHS = NO;
				CLANG_ANALYZER_NONNULL = YES;
				CLANG_ANALYZER_NUMBER_OBJECT_CONVERSION = YES_AGGRESSIVE;
				CLANG_ENABLE_MODULES = YES;
				CLANG_ENABLE_OBJC_ARC = YES;
				CLANG_WARN_BLOCK_CAPTURE_AUTORELEASING = YES;
				CLANG_WARN_BOOL_CONVERSION = YES;
				CLANG_WARN_COMMA = YES;
				CLANG_WARN_CONSTANT_CONVERSION = YES;
				CLANG_WARN_DEPRECATED_OBJC_IMPLEMENTATIONS = YES;
				CLANG_WARN_DIRECT_OBJC_ISA_USAGE = YES_ERROR;
				CLANG_WARN_DOCUMENTATION_COMMENTS = YES;
				CLANG_WARN_EMPTY_BODY = YES;
				CLANG_WARN_ENUM_CONVERSION = YES;
				CLANG_WARN_INFINITE_RECURSION = YES;
				CLANG_WARN_INT_CONVERSION = YES;
				CLANG_WARN_NON_LITERAL_NULL_CONVERSION = YES;
				CLANG_WARN_OBJC_IMPLICIT_RETAIN_SELF = YES;
				CLANG_WARN_OBJC_LITERAL_CONVERSION = YES;
				CLANG_WARN_OBJC_ROOT_CLASS = YES_ERROR;
				CLANG_WARN_RANGE_LOOP_ANALYSIS = YES;
				CLANG_WARN_STRICT_PROTOTYPES = YES;
				CLANG_WARN_SUSPICIOUS_MOVE = YES;
				CLANG_WARN_UNGUARDED_AVAILABILITY = YES_AGGRESSIVE;
				CLANG_WARN_UNREACHABLE_CODE = YES;
				CLANG_WARN__DUPLICATE_METHOD_MATCH = YES;
				CODE_SIGN_IDENTITY = "iPhone Developer";
				COPY_PHASE_STRIP = NO;
				DEBUG_INFORMATION_FORMAT = dwarf;
				ENABLE_STRICT_OBJC_MSGSEND = YES;
				ENABLE_TESTABILITY = YES;
				GCC_DYNAMIC_NO_PIC = NO;
				GCC_NO_COMMON_BLOCKS = YES;
				GCC_OPTIMIZATION_LEVEL = 0;
				GCC_PREPROCESSOR_DEFINITIONS = (
					"DEBUG=1",
					"$(inherited)",
				);
				GCC_WARN_64_TO_32_BIT_CONVERSION = YES;
				GCC_WARN_ABOUT_RETURN_TYPE = YES_ERROR;
				GCC_WARN_UNDECLARED_SELECTOR = YES;
				GCC_WARN_UNINITIALIZED_AUTOS = YES_AGGRESSIVE;
				GCC_WARN_UNUSED_FUNCTION = YES;
				GCC_WARN_UNUSED_VARIABLE = YES;
				IPHONEOS_DEPLOYMENT_TARGET = 13.0;
				MTL_ENABLE_DEBUG_INFO = YES;
				ONLY_ACTIVE_ARCH = YES;
				SDKROOT = iphoneos;
				SWIFT_ACTIVE_COMPILATION_CONDITIONS = DEBUG;
				SWIFT_OPTIMIZATION_LEVEL = "-Onone";
			};
			name = Debug;
		};
		842316EF1F2030C300D189D1 /* Release */ = {
			isa = XCBuildConfiguration;
			baseConfigurationReference = 35F0FDB76E9A606A84E59401 /* SampleCode.xcconfig */;
			buildSettings = {
				ALWAYS_SEARCH_USER_PATHS = NO;
				CLANG_ANALYZER_NONNULL = YES;
				CLANG_ANALYZER_NUMBER_OBJECT_CONVERSION = YES_AGGRESSIVE;
				CLANG_ENABLE_MODULES = YES;
				CLANG_ENABLE_OBJC_ARC = YES;
				CLANG_WARN_BLOCK_CAPTURE_AUTORELEASING = YES;
				CLANG_WARN_BOOL_CONVERSION = YES;
				CLANG_WARN_COMMA = YES;
				CLANG_WARN_CONSTANT_CONVERSION = YES;
				CLANG_WARN_DEPRECATED_OBJC_IMPLEMENTATIONS = YES;
				CLANG_WARN_DIRECT_OBJC_ISA_USAGE = YES_ERROR;
				CLANG_WARN_DOCUMENTATION_COMMENTS = YES;
				CLANG_WARN_EMPTY_BODY = YES;
				CLANG_WARN_ENUM_CONVERSION = YES;
				CLANG_WARN_INFINITE_RECURSION = YES;
				CLANG_WARN_INT_CONVERSION = YES;
				CLANG_WARN_NON_LITERAL_NULL_CONVERSION = YES;
				CLANG_WARN_OBJC_IMPLICIT_RETAIN_SELF = YES;
				CLANG_WARN_OBJC_LITERAL_CONVERSION = YES;
				CLANG_WARN_OBJC_ROOT_CLASS = YES_ERROR;
				CLANG_WARN_RANGE_LOOP_ANALYSIS = YES;
				CLANG_WARN_STRICT_PROTOTYPES = YES;
				CLANG_WARN_SUSPICIOUS_MOVE = YES;
				CLANG_WARN_UNGUARDED_AVAILABILITY = YES_AGGRESSIVE;
				CLANG_WARN_UNREACHABLE_CODE = YES;
				CLANG_WARN__DUPLICATE_METHOD_MATCH = YES;
				CODE_SIGN_IDENTITY = "iPhone Developer";
				COPY_PHASE_STRIP = NO;
				DEBUG_INFORMATION_FORMAT = "dwarf-with-dsym";
				ENABLE_NS_ASSERTIONS = NO;
				ENABLE_STRICT_OBJC_MSGSEND = YES;
				GCC_NO_COMMON_BLOCKS = YES;
				GCC_WARN_64_TO_32_BIT_CONVERSION = YES;
				GCC_WARN_ABOUT_RETURN_TYPE = YES_ERROR;
				GCC_WARN_UNDECLARED_SELECTOR = YES;
				GCC_WARN_UNINITIALIZED_AUTOS = YES_AGGRESSIVE;
				GCC_WARN_UNUSED_FUNCTION = YES;
				GCC_WARN_UNUSED_VARIABLE = YES;
				IPHONEOS_DEPLOYMENT_TARGET = 13.0;
				MTL_ENABLE_DEBUG_INFO = NO;
				SDKROOT = iphoneos;
				SWIFT_COMPILATION_MODE = wholemodule;
				SWIFT_OPTIMIZATION_LEVEL = "-O";
				VALIDATE_PRODUCT = YES;
			};
			name = Release;
		};
		842316F11F2030C300D189D1 /* Debug */ = {
			isa = XCBuildConfiguration;
			baseConfigurationReference = 35F0FDB76E9A606A84E59401 /* SampleCode.xcconfig */;
			buildSettings = {
				ASSETCATALOG_COMPILER_APPICON_NAME = AppIcon;
				CODE_SIGN_IDENTITY = "iPhone Developer";
				CODE_SIGN_STYLE = Automatic;
				DEVELOPMENT_TEAM = YB36LGNH5U;
				INFOPLIST_FILE = "$(SRCROOT)/ARPersistence/Info.plist";
				IPHONEOS_DEPLOYMENT_TARGET = 12.0;
				LD_RUNPATH_SEARCH_PATHS = (
					"$(inherited)",
					"@executable_path/Frameworks",
				);
				PRODUCT_BUNDLE_IDENTIFIER = com.example.ARPersistencejnoh;
				PRODUCT_NAME = "$(TARGET_NAME)";
				PROVISIONING_PROFILE_SPECIFIER = "";
				SDKROOT = iphoneos;
				SWIFT_VERSION = 5.0;
				TARGETED_DEVICE_FAMILY = "1,2";
			};
			name = Debug;
		};
		842316F21F2030C300D189D1 /* Release */ = {
			isa = XCBuildConfiguration;
			baseConfigurationReference = 35F0FDB76E9A606A84E59401 /* SampleCode.xcconfig */;
			buildSettings = {
				ASSETCATALOG_COMPILER_APPICON_NAME = AppIcon;
				CODE_SIGN_IDENTITY = "iPhone Developer";
				CODE_SIGN_STYLE = Automatic;
				DEVELOPMENT_TEAM = YB36LGNH5U;
				INFOPLIST_FILE = "$(SRCROOT)/ARPersistence/Info.plist";
				IPHONEOS_DEPLOYMENT_TARGET = 12.0;
				LD_RUNPATH_SEARCH_PATHS = (
					"$(inherited)",
					"@executable_path/Frameworks",
				);
				PRODUCT_BUNDLE_IDENTIFIER = com.example.ARPersistencejnoh;
				PRODUCT_NAME = "$(TARGET_NAME)";
				PROVISIONING_PROFILE_SPECIFIER = "";
				SDKROOT = iphoneos;
				SWIFT_VERSION = 5.0;
				TARGETED_DEVICE_FAMILY = "1,2";
			};
			name = Release;
		};
/* End XCBuildConfiguration section */

/* Begin XCConfigurationList section */
		842316D71F2030C300D189D1 /* Build configuration list for PBXProject "ARPersistence" */ = {
			isa = XCConfigurationList;
			buildConfigurations = (
				842316EE1F2030C300D189D1 /* Debug */,
				842316EF1F2030C300D189D1 /* Release */,
			);
			defaultConfigurationIsVisible = 0;
			defaultConfigurationName = Release;
		};
		842316F01F2030C300D189D1 /* Build configuration list for PBXNativeTarget "ARPersistence" */ = {
			isa = XCConfigurationList;
			buildConfigurations = (
				842316F11F2030C300D189D1 /* Debug */,
				842316F21F2030C300D189D1 /* Release */,
			);
			defaultConfigurationIsVisible = 0;
			defaultConfigurationName = Release;
		};
/* End XCConfigurationList section */

/* Begin XCRemoteSwiftPackageReference section */
		8C39D9302533CDBF001FEF08 /* XCRemoteSwiftPackageReference "MultiProgressView" */ = {
			isa = XCRemoteSwiftPackageReference;
			repositoryURL = "https://github.com/mac-gallagher/MultiProgressView";
			requirement = {
				kind = upToNextMajorVersion;
				minimumVersion = 1.3.0;
			};
		};
/* End XCRemoteSwiftPackageReference section */

/* Begin XCSwiftPackageProductDependency section */
		8C39D9312533CDBF001FEF08 /* MultiProgressView */ = {
			isa = XCSwiftPackageProductDependency;
			package = 8C39D9302533CDBF001FEF08 /* XCRemoteSwiftPackageReference "MultiProgressView" */;
			productName = MultiProgressView;
		};
/* End XCSwiftPackageProductDependency section */
	};
	rootObject = 842316D41F2030C300D189D1 /* Project object */;
}
